
Microsoft Visual Studio Solution File, Format Version 12.00
# Visual Studio Version 17
VisualStudioVersion = 17.0.32014.148
MinimumVisualStudioVersion = 10.0.40219.1
Project("{FAE04EC0-301F-11D3-BF4B-00C04F79EFBC}") = "Polymorphism", "Polymorphism.csproj", "{3EA6D3A8-DBEA-4082-95AF-83A49383B22B}"
EndProject
Global
	GlobalSection(SolutionConfigurationPlatforms) = preSolution
		Debug|Any CPU = Debug|Any CPU
		Release|Any CPU = Release|Any CPU
	EndGlobalSection
	GlobalSection(ProjectConfigurationPlatforms) = postSolution
		{3EA6D3A8-DBEA-4082-95AF-83A49383B22B}.Debug|Any CPU.ActiveCfg = Debug|Any CPU
		{3EA6D3A8-DBEA-4082-95AF-83A49383B22B}.Debug|Any CPU.Build.0 = Debug|Any CPU
		{3EA6D3A8-DBEA-4082-95AF-83A49383B22B}.Release|Any CPU.ActiveCfg = Release|Any CPU
		{3EA6D3A8-DBEA-4082-95AF-83A49383B22B}.Release|Any CPU.Build.0 = Release|Any CPU
	EndGlobalSection
	GlobalSection(SolutionProperties) = preSolution
		HideSolutionNode = FALSE
	EndGlobalSection
	GlobalSection(ExtensibilityGlobals) = postSolution
		SolutionGuid = {9DAEDDA3-23F7-418A-9D67-D743A647135B}
	EndGlobalSection
EndGlobal
